
Microsoft Visual Studio Solution File, Format Version 12.00
# Visual Studio 14
VisualStudioVersion = 14.0.22609.0
MinimumVisualStudioVersion = 10.0.40219.1
Project("{FAE04EC0-301F-11D3-BF4B-00C04F79EFBC}") = "nilnul.mathMl._ctr(150603", "..\aspNetServerCtrl\nilnul.mathMl._ctr(150603.csproj", "{9D2C1487-125C-4533-B4FF-B810ABEEE85A}"
EndProject
Project("{FAE04EC0-301F-11D3-BF4B-00C04F79EFBC}") = "nilnul.mathMl._ctr._Demo_web", "nilnul.mathMl._ctr._Demo_web.csproj", "{C690E075-402F-42FB-84EB-B1BE9BC20A67}"
EndProject
Project("{2150E333-8FDC-42A3-9474-1A3956D46DE8}") = "_ref.ctr", "_ref.ctr", "{412877AE-9CD0-4BF6-BDEF-177CB77EF541}"
EndProject
Global
	GlobalSection(SolutionConfigurationPlatforms) = preSolution
		Debug|Any CPU = Debug|Any CPU
		Release|Any CPU = Release|Any CPU
	EndGlobalSection
	GlobalSection(ProjectConfigurationPlatforms) = postSolution
		{9D2C1487-125C-4533-B4FF-B810ABEEE85A}.Debug|Any CPU.ActiveCfg = Debug|Any CPU
		{9D2C1487-125C-4533-B4FF-B810ABEEE85A}.Debug|Any CPU.Build.0 = Debug|Any CPU
		{9D2C1487-125C-4533-B4FF-B810ABEEE85A}.Release|Any CPU.ActiveCfg = Release|Any CPU
		{9D2C1487-125C-4533-B4FF-B810ABEEE85A}.Release|Any CPU.Build.0 = Release|Any CPU
		{C690E075-402F-42FB-84EB-B1BE9BC20A67}.Debug|Any CPU.ActiveCfg = Debug|Any CPU
		{C690E075-402F-42FB-84EB-B1BE9BC20A67}.Debug|Any CPU.Build.0 = Debug|Any CPU
		{C690E075-402F-42FB-84EB-B1BE9BC20A67}.Release|Any CPU.ActiveCfg = Release|Any CPU
		{C690E075-402F-42FB-84EB-B1BE9BC20A67}.Release|Any CPU.Build.0 = Release|Any CPU
	EndGlobalSection
	GlobalSection(SolutionProperties) = preSolution
		HideSolutionNode = FALSE
	EndGlobalSection
EndGlobal
